
Microsoft Visual Studio Solution File, Format Version 12.00
# Visual Studio Version 17
VisualStudioVersion = 17.13.35931.197
MinimumVisualStudioVersion = 10.0.40219.1
Project("{FAE04EC0-301F-11D3-BF4B-00C04F79EFBC}") = "CarWorkshopProjekt", "CarWorkshopProjekt.csproj", "{F820725C-85AE-449F-A82C-AFE04C195CA8}"
EndProject
Project("{FAE04EC0-301F-11D3-BF4B-00C04F79EFBC}") = "NBomberTests", "..\NBomberTests\NBomberTests.csproj", "{2ACF47B6-7728-A663-AB2A-D62F9CAC87C3}"
EndProject
Global
	GlobalSection(SolutionConfigurationPlatforms) = preSolution
		Debug|Any CPU = Debug|Any CPU
		Release|Any CPU = Release|Any CPU
	EndGlobalSection
	GlobalSection(ProjectConfigurationPlatforms) = postSolution
		{F820725C-85AE-449F-A82C-AFE04C195CA8}.Debug|Any CPU.ActiveCfg = Debug|Any CPU
		{F820725C-85AE-449F-A82C-AFE04C195CA8}.Debug|Any CPU.Build.0 = Debug|Any CPU
		{F820725C-85AE-449F-A82C-AFE04C195CA8}.Release|Any CPU.ActiveCfg = Release|Any CPU
		{F820725C-85AE-449F-A82C-AFE04C195CA8}.Release|Any CPU.Build.0 = Release|Any CPU
		{2ACF47B6-7728-A663-AB2A-D62F9CAC87C3}.Debug|Any CPU.ActiveCfg = Debug|Any CPU
		{2ACF47B6-7728-A663-AB2A-D62F9CAC87C3}.Debug|Any CPU.Build.0 = Debug|Any CPU
		{2ACF47B6-7728-A663-AB2A-D62F9CAC87C3}.Release|Any CPU.ActiveCfg = Release|Any CPU
		{2ACF47B6-7728-A663-AB2A-D62F9CAC87C3}.Release|Any CPU.Build.0 = Release|Any CPU
	EndGlobalSection
	GlobalSection(SolutionProperties) = preSolution
		HideSolutionNode = FALSE
	EndGlobalSection
	GlobalSection(ExtensibilityGlobals) = postSolution
		SolutionGuid = {4C56DA2D-7F64-43FF-BD5A-A1D686BE7C17}
	EndGlobalSection
EndGlobal
