
Microsoft Visual Studio Solution File, Format Version 12.00
# Visual Studio Version 17
VisualStudioVersion = 17.13.35931.197 d17.13
MinimumVisualStudioVersion = 10.0.40219.1
Project("{FAE04EC0-301F-11D3-BF4B-00C04F79EFBC}") = "EventRegisterProject", "EventRegisterProject.csproj", "{961AB875-E492-4544-87D8-7F9A35CE791C}"
EndProject
Global
	GlobalSection(SolutionConfigurationPlatforms) = preSolution
		Debug|Any CPU = Debug|Any CPU
		Release|Any CPU = Release|Any CPU
	EndGlobalSection
	GlobalSection(ProjectConfigurationPlatforms) = postSolution
		{961AB875-E492-4544-87D8-7F9A35CE791C}.Debug|Any CPU.ActiveCfg = Debug|Any CPU
		{961AB875-E492-4544-87D8-7F9A35CE791C}.Debug|Any CPU.Build.0 = Debug|Any CPU
		{961AB875-E492-4544-87D8-7F9A35CE791C}.Release|Any CPU.ActiveCfg = Release|Any CPU
		{961AB875-E492-4544-87D8-7F9A35CE791C}.Release|Any CPU.Build.0 = Release|Any CPU
	EndGlobalSection
	GlobalSection(SolutionProperties) = preSolution
		HideSolutionNode = FALSE
	EndGlobalSection
	GlobalSection(ExtensibilityGlobals) = postSolution
		SolutionGuid = {4037C5D6-C96E-4BA8-9390-BC27D65C2C11}
	EndGlobalSection
EndGlobal
