
Microsoft Visual Studio Solution File, Format Version 12.00
# Visual Studio Version 17
VisualStudioVersion = 17.13.35825.156
MinimumVisualStudioVersion = 10.0.40219.1
Project("{FAE04EC0-301F-11D3-BF4B-00C04F79EFBC}") = "KalkulatorApp", "lab3\KalkulatorApp.csproj", "{2BD82198-69A3-4E65-9771-35F736D231F0}"
EndProject
Project("{FAE04EC0-301F-11D3-BF4B-00C04F79EFBC}") = "CalculatorTests", "CalculatorTests\CalculatorTests.csproj", "{C4B2B97D-506E-4B57-9BB1-86EE81C3BE5F}"
EndProject
Global
	GlobalSection(SolutionConfigurationPlatforms) = preSolution
		Debug|Any CPU = Debug|Any CPU
		Release|Any CPU = Release|Any CPU
	EndGlobalSection
	GlobalSection(ProjectConfigurationPlatforms) = postSolution
		{2BD82198-69A3-4E65-9771-35F736D231F0}.Debug|Any CPU.ActiveCfg = Debug|Any CPU
		{2BD82198-69A3-4E65-9771-35F736D231F0}.Debug|Any CPU.Build.0 = Debug|Any CPU
		{2BD82198-69A3-4E65-9771-35F736D231F0}.Release|Any CPU.ActiveCfg = Release|Any CPU
		{2BD82198-69A3-4E65-9771-35F736D231F0}.Release|Any CPU.Build.0 = Release|Any CPU
		{C4B2B97D-506E-4B57-9BB1-86EE81C3BE5F}.Debug|Any CPU.ActiveCfg = Debug|Any CPU
		{C4B2B97D-506E-4B57-9BB1-86EE81C3BE5F}.Debug|Any CPU.Build.0 = Debug|Any CPU
		{C4B2B97D-506E-4B57-9BB1-86EE81C3BE5F}.Release|Any CPU.ActiveCfg = Release|Any CPU
		{C4B2B97D-506E-4B57-9BB1-86EE81C3BE5F}.Release|Any CPU.Build.0 = Release|Any CPU
	EndGlobalSection
	GlobalSection(SolutionProperties) = preSolution
		HideSolutionNode = FALSE
	EndGlobalSection
	GlobalSection(ExtensibilityGlobals) = postSolution
		SolutionGuid = {557A38B9-A2C8-4484-A1EA-37CA7433DA0C}
	EndGlobalSection
EndGlobal
