
Microsoft Visual Studio Solution File, Format Version 12.00
# Visual Studio Version 17
VisualStudioVersion = 17.12.35707.178
MinimumVisualStudioVersion = 10.0.40219.1
Project("{FAE04EC0-301F-11D3-BF4B-00C04F79EFBC}") = "MyApp", "MultiProjectNuGetDemo\MyApp.csproj", "{11FAA0AA-FAAC-4A52-8EAB-0D5C44E0DE24}"
EndProject
Project("{FAE04EC0-301F-11D3-BF4B-00C04F79EFBC}") = "MyLibrary", "MyLibrary\MyLibrary.csproj", "{DAE95D00-320D-4B9B-BD23-C0D7F3EC1B87}"
EndProject
Project("{FAE04EC0-301F-11D3-BF4B-00C04F79EFBC}") = "MyServices", "MyServices\MyServices.csproj", "{464B2B16-2229-44C6-BB26-6DD72E19DB84}"
EndProject
Global
	GlobalSection(SolutionConfigurationPlatforms) = preSolution
		Debug|Any CPU = Debug|Any CPU
		Release|Any CPU = Release|Any CPU
	EndGlobalSection
	GlobalSection(ProjectConfigurationPlatforms) = postSolution
		{11FAA0AA-FAAC-4A52-8EAB-0D5C44E0DE24}.Debug|Any CPU.ActiveCfg = Debug|Any CPU
		{11FAA0AA-FAAC-4A52-8EAB-0D5C44E0DE24}.Debug|Any CPU.Build.0 = Debug|Any CPU
		{11FAA0AA-FAAC-4A52-8EAB-0D5C44E0DE24}.Release|Any CPU.ActiveCfg = Release|Any CPU
		{11FAA0AA-FAAC-4A52-8EAB-0D5C44E0DE24}.Release|Any CPU.Build.0 = Release|Any CPU
		{DAE95D00-320D-4B9B-BD23-C0D7F3EC1B87}.Debug|Any CPU.ActiveCfg = Debug|Any CPU
		{DAE95D00-320D-4B9B-BD23-C0D7F3EC1B87}.Debug|Any CPU.Build.0 = Debug|Any CPU
		{DAE95D00-320D-4B9B-BD23-C0D7F3EC1B87}.Release|Any CPU.ActiveCfg = Release|Any CPU
		{DAE95D00-320D-4B9B-BD23-C0D7F3EC1B87}.Release|Any CPU.Build.0 = Release|Any CPU
		{464B2B16-2229-44C6-BB26-6DD72E19DB84}.Debug|Any CPU.ActiveCfg = Debug|Any CPU
		{464B2B16-2229-44C6-BB26-6DD72E19DB84}.Debug|Any CPU.Build.0 = Debug|Any CPU
		{464B2B16-2229-44C6-BB26-6DD72E19DB84}.Release|Any CPU.ActiveCfg = Release|Any CPU
		{464B2B16-2229-44C6-BB26-6DD72E19DB84}.Release|Any CPU.Build.0 = Release|Any CPU
	EndGlobalSection
	GlobalSection(SolutionProperties) = preSolution
		HideSolutionNode = FALSE
	EndGlobalSection
EndGlobal
