
Microsoft Visual Studio Solution File, Format Version 12.00
# Visual Studio Version 17
VisualStudioVersion = 17.13.35825.156
MinimumVisualStudioVersion = 10.0.40219.1
Project("{FAE04EC0-301F-11D3-BF4B-00C04F79EFBC}") = "RentalCarProject", "RentalCarProject\RentalCarProject.csproj", "{475AAF33-D229-4CE9-BC19-0D0EED35D2F7}"
EndProject
Project("{FAE04EC0-301F-11D3-BF4B-00C04F79EFBC}") = "RentalCar.Tests", "RentalCar.Tests\RentalCar.Tests.csproj", "{125DA109-BD01-4651-AB23-170840370CA5}"
EndProject
Global
	GlobalSection(SolutionConfigurationPlatforms) = preSolution
		Debug|Any CPU = Debug|Any CPU
		Release|Any CPU = Release|Any CPU
	EndGlobalSection
	GlobalSection(ProjectConfigurationPlatforms) = postSolution
		{475AAF33-D229-4CE9-BC19-0D0EED35D2F7}.Debug|Any CPU.ActiveCfg = Debug|Any CPU
		{475AAF33-D229-4CE9-BC19-0D0EED35D2F7}.Debug|Any CPU.Build.0 = Debug|Any CPU
		{475AAF33-D229-4CE9-BC19-0D0EED35D2F7}.Release|Any CPU.ActiveCfg = Release|Any CPU
		{475AAF33-D229-4CE9-BC19-0D0EED35D2F7}.Release|Any CPU.Build.0 = Release|Any CPU
		{125DA109-BD01-4651-AB23-170840370CA5}.Debug|Any CPU.ActiveCfg = Debug|Any CPU
		{125DA109-BD01-4651-AB23-170840370CA5}.Debug|Any CPU.Build.0 = Debug|Any CPU
		{125DA109-BD01-4651-AB23-170840370CA5}.Release|Any CPU.ActiveCfg = Release|Any CPU
		{125DA109-BD01-4651-AB23-170840370CA5}.Release|Any CPU.Build.0 = Release|Any CPU
	EndGlobalSection
	GlobalSection(SolutionProperties) = preSolution
		HideSolutionNode = FALSE
	EndGlobalSection
	GlobalSection(ExtensibilityGlobals) = postSolution
		SolutionGuid = {90023F5E-1795-432C-BB7E-52C2E9C65ABC}
	EndGlobalSection
EndGlobal
